// !$*UTF8*$!
{
	archiveVersion = 1;
	classes = {
	};
	objectVersion = 48;
	objects = {

/* Begin PBXBuildFile section */
		4FB7984A3E1CAA1F9F4571CE /* Pods_MoPubUITests.framework in Frameworks */ = {isa = PBXBuildFile; fileRef = F9561942C8AB68545A1248BF /* Pods_MoPubUITests.framework */; };
		DC748B551F7457C900CE73EF /* GoogleService-Info.plist in Resources */ = {isa = PBXBuildFile; fileRef = DC748B541F7457C900CE73EF /* GoogleService-Info.plist */; };
		DC748B5C1F745D2C00CE73EF /* Constant.swift in Sources */ = {isa = PBXBuildFile; fileRef = DC748B5B1F745D2C00CE73EF /* Constant.swift */; };
		DCEB54D01F7A11B8005FFABA /* HostEventViewController.swift in Sources */ = {isa = PBXBuildFile; fileRef = DCEB54CF1F7A11B8005FFABA /* HostEventViewController.swift */; };
		DCFB21581F7449B500BC08EC /* AppDelegate.swift in Sources */ = {isa = PBXBuildFile; fileRef = DCFB21571F7449B500BC08EC /* AppDelegate.swift */; };
		DCFB215A1F7449B500BC08EC /* MainViewController.swift in Sources */ = {isa = PBXBuildFile; fileRef = DCFB21591F7449B500BC08EC /* MainViewController.swift */; };
		DCFB215D1F7449B500BC08EC /* Main.storyboard in Resources */ = {isa = PBXBuildFile; fileRef = DCFB215B1F7449B500BC08EC /* Main.storyboard */; };
		DCFB21601F7449B500BC08EC /* MoPub.xcdatamodeld in Sources */ = {isa = PBXBuildFile; fileRef = DCFB215E1F7449B500BC08EC /* MoPub.xcdatamodeld */; };
		DCFB21621F7449B500BC08EC /* Assets.xcassets in Resources */ = {isa = PBXBuildFile; fileRef = DCFB21611F7449B500BC08EC /* Assets.xcassets */; };
		DCFB21651F7449B500BC08EC /* LaunchScreen.storyboard in Resources */ = {isa = PBXBuildFile; fileRef = DCFB21631F7449B500BC08EC /* LaunchScreen.storyboard */; };
		DCFB21701F7449B500BC08EC /* MoPubTests.swift in Sources */ = {isa = PBXBuildFile; fileRef = DCFB216F1F7449B500BC08EC /* MoPubTests.swift */; };
		DCFB217B1F7449B500BC08EC /* MoPubUITests.swift in Sources */ = {isa = PBXBuildFile; fileRef = DCFB217A1F7449B500BC08EC /* MoPubUITests.swift */; };
		DFCEE965D0B4F6DF20AA06DE /* Pods_MoPub.framework in Frameworks */ = {isa = PBXBuildFile; fileRef = 14CADB2264C08C45E09650CA /* Pods_MoPub.framework */; };
		F3DCA20DDBFD042C613E5A81 /* Pods_MoPubTests.framework in Frameworks */ = {isa = PBXBuildFile; fileRef = D0E6139A20CAFE7A53379ED7 /* Pods_MoPubTests.framework */; };
/* End PBXBuildFile section */

/* Begin PBXContainerItemProxy section */
		DCFB216C1F7449B500BC08EC /* PBXContainerItemProxy */ = {
			isa = PBXContainerItemProxy;
			containerPortal = DCFB214C1F7449B500BC08EC /* Project object */;
			proxyType = 1;
			remoteGlobalIDString = DCFB21531F7449B500BC08EC;
			remoteInfo = MoPub;
		};
		DCFB21771F7449B500BC08EC /* PBXContainerItemProxy */ = {
			isa = PBXContainerItemProxy;
			containerPortal = DCFB214C1F7449B500BC08EC /* Project object */;
			proxyType = 1;
			remoteGlobalIDString = DCFB21531F7449B500BC08EC;
			remoteInfo = MoPub;
		};
/* End PBXContainerItemProxy section */

/* Begin PBXFileReference section */
		14CADB2264C08C45E09650CA /* Pods_MoPub.framework */ = {isa = PBXFileReference; explicitFileType = wrapper.framework; includeInIndex = 0; path = Pods_MoPub.framework; sourceTree = BUILT_PRODUCTS_DIR; };
		1E81D491FDFDF96CFF885D7F /* Pods-MoPubUITests.release.xcconfig */ = {isa = PBXFileReference; includeInIndex = 1; lastKnownFileType = text.xcconfig; name = "Pods-MoPubUITests.release.xcconfig"; path = "Pods/Target Support Files/Pods-MoPubUITests/Pods-MoPubUITests.release.xcconfig"; sourceTree = "<group>"; };
		8AE55E0EC88DB07F06739DAA /* Pods-MoPubTests.debug.xcconfig */ = {isa = PBXFileReference; includeInIndex = 1; lastKnownFileType = text.xcconfig; name = "Pods-MoPubTests.debug.xcconfig"; path = "Pods/Target Support Files/Pods-MoPubTests/Pods-MoPubTests.debug.xcconfig"; sourceTree = "<group>"; };
		8BA11CD36BEF8873E9591C57 /* Pods-MoPub.debug.xcconfig */ = {isa = PBXFileReference; includeInIndex = 1; lastKnownFileType = text.xcconfig; name = "Pods-MoPub.debug.xcconfig"; path = "Pods/Target Support Files/Pods-MoPub/Pods-MoPub.debug.xcconfig"; sourceTree = "<group>"; };
		B833FB82CDD5A88043518430 /* Pods-MoPubUITests.debug.xcconfig */ = {isa = PBXFileReference; includeInIndex = 1; lastKnownFileType = text.xcconfig; name = "Pods-MoPubUITests.debug.xcconfig"; path = "Pods/Target Support Files/Pods-MoPubUITests/Pods-MoPubUITests.debug.xcconfig"; sourceTree = "<group>"; };
		D0E6139A20CAFE7A53379ED7 /* Pods_MoPubTests.framework */ = {isa = PBXFileReference; explicitFileType = wrapper.framework; includeInIndex = 0; path = Pods_MoPubTests.framework; sourceTree = BUILT_PRODUCTS_DIR; };
		DC748B541F7457C900CE73EF /* GoogleService-Info.plist */ = {isa = PBXFileReference; fileEncoding = 4; lastKnownFileType = text.plist.xml; path = "GoogleService-Info.plist"; sourceTree = "<group>"; };
		DC748B5B1F745D2C00CE73EF /* Constant.swift */ = {isa = PBXFileReference; lastKnownFileType = sourcecode.swift; path = Constant.swift; sourceTree = "<group>"; };
		DCEB54C51F79EFDD005FFABA /* JSQDelegates.swift */ = {isa = PBXFileReference; lastKnownFileType = sourcecode.swift; path = JSQDelegates.swift; sourceTree = "<group>"; };
		DCEB54C61F79EFDD005FFABA /* JSQMethods.swift */ = {isa = PBXFileReference; lastKnownFileType = sourcecode.swift; path = JSQMethods.swift; sourceTree = "<group>"; };
		DCEB54C71F79EFDD005FFABA /* ChatViewController.swift */ = {isa = PBXFileReference; lastKnownFileType = sourcecode.swift; path = ChatViewController.swift; sourceTree = "<group>"; };
		DCEB54C81F79EFDD005FFABA /* ChannelListViewController.swift */ = {isa = PBXFileReference; lastKnownFileType = sourcecode.swift; path = ChannelListViewController.swift; sourceTree = "<group>"; };
		DCEB54CA1F79F001005FFABA /* CreateChannelCell.swift */ = {isa = PBXFileReference; lastKnownFileType = sourcecode.swift; path = CreateChannelCell.swift; sourceTree = "<group>"; };
		DCEB54CC1F79F02F005FFABA /* UIImage+Gif.swift */ = {isa = PBXFileReference; lastKnownFileType = sourcecode.swift; path = "UIImage+Gif.swift"; sourceTree = "<group>"; };
		DCEB54CF1F7A11B8005FFABA /* HostEventViewController.swift */ = {isa = PBXFileReference; lastKnownFileType = sourcecode.swift; path = HostEventViewController.swift; sourceTree = "<group>"; };
		DCFB21541F7449B500BC08EC /* MoPub.app */ = {isa = PBXFileReference; explicitFileType = wrapper.application; includeInIndex = 0; path = MoPub.app; sourceTree = BUILT_PRODUCTS_DIR; };
		DCFB21571F7449B500BC08EC /* AppDelegate.swift */ = {isa = PBXFileReference; lastKnownFileType = sourcecode.swift; path = AppDelegate.swift; sourceTree = "<group>"; };
		DCFB21591F7449B500BC08EC /* MainViewController.swift */ = {isa = PBXFileReference; lastKnownFileType = sourcecode.swift; path = MainViewController.swift; sourceTree = "<group>"; };
		DCFB215C1F7449B500BC08EC /* Base */ = {isa = PBXFileReference; lastKnownFileType = file.storyboard; name = Base; path = Base.lproj/Main.storyboard; sourceTree = "<group>"; };
		DCFB215F1F7449B500BC08EC /* MoPub.xcdatamodel */ = {isa = PBXFileReference; lastKnownFileType = wrapper.xcdatamodel; path = MoPub.xcdatamodel; sourceTree = "<group>"; };
		DCFB21611F7449B500BC08EC /* Assets.xcassets */ = {isa = PBXFileReference; lastKnownFileType = folder.assetcatalog; path = Assets.xcassets; sourceTree = "<group>"; };
		DCFB21641F7449B500BC08EC /* Base */ = {isa = PBXFileReference; lastKnownFileType = file.storyboard; name = Base; path = Base.lproj/LaunchScreen.storyboard; sourceTree = "<group>"; };
		DCFB21661F7449B500BC08EC /* Info.plist */ = {isa = PBXFileReference; lastKnownFileType = text.plist.xml; path = Info.plist; sourceTree = "<group>"; };
		DCFB216B1F7449B500BC08EC /* MoPubTests.xctest */ = {isa = PBXFileReference; explicitFileType = wrapper.cfbundle; includeInIndex = 0; path = MoPubTests.xctest; sourceTree = BUILT_PRODUCTS_DIR; };
		DCFB216F1F7449B500BC08EC /* MoPubTests.swift */ = {isa = PBXFileReference; lastKnownFileType = sourcecode.swift; path = MoPubTests.swift; sourceTree = "<group>"; };
		DCFB21711F7449B500BC08EC /* Info.plist */ = {isa = PBXFileReference; lastKnownFileType = text.plist.xml; path = Info.plist; sourceTree = "<group>"; };
		DCFB21761F7449B500BC08EC /* MoPubUITests.xctest */ = {isa = PBXFileReference; explicitFileType = wrapper.cfbundle; includeInIndex = 0; path = MoPubUITests.xctest; sourceTree = BUILT_PRODUCTS_DIR; };
		DCFB217A1F7449B500BC08EC /* MoPubUITests.swift */ = {isa = PBXFileReference; lastKnownFileType = sourcecode.swift; path = MoPubUITests.swift; sourceTree = "<group>"; };
		DCFB217C1F7449B500BC08EC /* Info.plist */ = {isa = PBXFileReference; lastKnownFileType = text.plist.xml; path = Info.plist; sourceTree = "<group>"; };
		E18673604B6E9F67593F1384 /* Pods-MoPubTests.release.xcconfig */ = {isa = PBXFileReference; includeInIndex = 1; lastKnownFileType = text.xcconfig; name = "Pods-MoPubTests.release.xcconfig"; path = "Pods/Target Support Files/Pods-MoPubTests/Pods-MoPubTests.release.xcconfig"; sourceTree = "<group>"; };
		F9561942C8AB68545A1248BF /* Pods_MoPubUITests.framework */ = {isa = PBXFileReference; explicitFileType = wrapper.framework; includeInIndex = 0; path = Pods_MoPubUITests.framework; sourceTree = BUILT_PRODUCTS_DIR; };
		FAFA662CC5E496EC618F4E08 /* Pods-MoPub.release.xcconfig */ = {isa = PBXFileReference; includeInIndex = 1; lastKnownFileType = text.xcconfig; name = "Pods-MoPub.release.xcconfig"; path = "Pods/Target Support Files/Pods-MoPub/Pods-MoPub.release.xcconfig"; sourceTree = "<group>"; };
/* End PBXFileReference section */

/* Begin PBXFrameworksBuildPhase section */
		DCFB21511F7449B500BC08EC /* Frameworks */ = {
			isa = PBXFrameworksBuildPhase;
			buildActionMask = 2147483647;
			files = (
				DFCEE965D0B4F6DF20AA06DE /* Pods_MoPub.framework in Frameworks */,
			);
			runOnlyForDeploymentPostprocessing = 0;
		};
		DCFB21681F7449B500BC08EC /* Frameworks */ = {
			isa = PBXFrameworksBuildPhase;
			buildActionMask = 2147483647;
			files = (
				F3DCA20DDBFD042C613E5A81 /* Pods_MoPubTests.framework in Frameworks */,
			);
			runOnlyForDeploymentPostprocessing = 0;
		};
		DCFB21731F7449B500BC08EC /* Frameworks */ = {
			isa = PBXFrameworksBuildPhase;
			buildActionMask = 2147483647;
			files = (
				4FB7984A3E1CAA1F9F4571CE /* Pods_MoPubUITests.framework in Frameworks */,
			);
			runOnlyForDeploymentPostprocessing = 0;
		};
/* End PBXFrameworksBuildPhase section */

/* Begin PBXGroup section */
		22BC4C20BC7CA3D6DFB64A19 /* Pods */ = {
			isa = PBXGroup;
			children = (
				8BA11CD36BEF8873E9591C57 /* Pods-MoPub.debug.xcconfig */,
				FAFA662CC5E496EC618F4E08 /* Pods-MoPub.release.xcconfig */,
				8AE55E0EC88DB07F06739DAA /* Pods-MoPubTests.debug.xcconfig */,
				E18673604B6E9F67593F1384 /* Pods-MoPubTests.release.xcconfig */,
				B833FB82CDD5A88043518430 /* Pods-MoPubUITests.debug.xcconfig */,
				1E81D491FDFDF96CFF885D7F /* Pods-MoPubUITests.release.xcconfig */,
			);
			name = Pods;
			sourceTree = "<group>";
		};
		63E32423B320F8937D7D7B5E /* Frameworks */ = {
			isa = PBXGroup;
			children = (
				14CADB2264C08C45E09650CA /* Pods_MoPub.framework */,
				D0E6139A20CAFE7A53379ED7 /* Pods_MoPubTests.framework */,
				F9561942C8AB68545A1248BF /* Pods_MoPubUITests.framework */,
			);
			name = Frameworks;
			sourceTree = "<group>";
		};
		DC748B561F745CD500CE73EF /* Model */ = {
			isa = PBXGroup;
			children = (
				DCEB54C31F79EFB2005FFABA /* Chat */,
			);
			path = Model;
			sourceTree = "<group>";
		};
		DC748B571F745CDE00CE73EF /* Controller */ = {
			isa = PBXGroup;
			children = (
				DCEB54CE1F7A118D005FFABA /* EventFormView Controller */,
				DCEB54CD1F7A0348005FFABA /* MainMapView Controller */,
				DCEB54C41F79EFC7005FFABA /* Chat View Controller */,
			);
			path = Controller;
			sourceTree = "<group>";
		};
		DC748B581F745CE600CE73EF /* Class Constant */ = {
			isa = PBXGroup;
			children = (
				DC748B5B1F745D2C00CE73EF /* Constant.swift */,
			);
			path = "Class Constant";
			sourceTree = "<group>";
		};
		DC748B5D1F745D7600CE73EF /* Asset */ = {
			isa = PBXGroup;
			children = (
				DCFB21611F7449B500BC08EC /* Assets.xcassets */,
				DCFB21631F7449B500BC08EC /* LaunchScreen.storyboard */,
			);
			path = Asset;
			sourceTree = "<group>";
		};
		DCEB54C31F79EFB2005FFABA /* Chat */ = {
			isa = PBXGroup;
			children = (
				DCEB54CA1F79F001005FFABA /* CreateChannelCell.swift */,
			);
			path = Chat;
			sourceTree = "<group>";
		};
		DCEB54C41F79EFC7005FFABA /* Chat View Controller */ = {
			isa = PBXGroup;
			children = (
				DCEB54C81F79EFDD005FFABA /* ChannelListViewController.swift */,
				DCEB54C71F79EFDD005FFABA /* ChatViewController.swift */,
				DCEB54C51F79EFDD005FFABA /* JSQDelegates.swift */,
				DCEB54C61F79EFDD005FFABA /* JSQMethods.swift */,
			);
			path = "Chat View Controller";
			sourceTree = "<group>";
		};
		DCEB54CB1F79F027005FFABA /* Supporting Files */ = {
			isa = PBXGroup;
			children = (
				DCEB54CC1F79F02F005FFABA /* UIImage+Gif.swift */,
			);
			path = "Supporting Files";
			sourceTree = "<group>";
		};
		DCEB54CD1F7A0348005FFABA /* MainMapView Controller */ = {
			isa = PBXGroup;
			children = (
			);
			path = "MainMapView Controller";
			sourceTree = "<group>";
		};
		DCEB54CE1F7A118D005FFABA /* EventFormView Controller */ = {
			isa = PBXGroup;
			children = (
				DCEB54CF1F7A11B8005FFABA /* HostEventViewController.swift */,
			);
			path = "EventFormView Controller";
			sourceTree = "<group>";
		};
		DCFB214B1F7449B500BC08EC = {
			isa = PBXGroup;
			children = (
				DCFB21561F7449B500BC08EC /* MoPub */,
				DCFB216E1F7449B500BC08EC /* MoPubTests */,
				DCFB21791F7449B500BC08EC /* MoPubUITests */,
				DCFB21551F7449B500BC08EC /* Products */,
				22BC4C20BC7CA3D6DFB64A19 /* Pods */,
				63E32423B320F8937D7D7B5E /* Frameworks */,
			);
			sourceTree = "<group>";
		};
		DCFB21551F7449B500BC08EC /* Products */ = {
			isa = PBXGroup;
			children = (
				DCFB21541F7449B500BC08EC /* MoPub.app */,
				DCFB216B1F7449B500BC08EC /* MoPubTests.xctest */,
				DCFB21761F7449B500BC08EC /* MoPubUITests.xctest */,
			);
			name = Products;
			sourceTree = "<group>";
		};
		DCFB21561F7449B500BC08EC /* MoPub */ = {
			isa = PBXGroup;
			children = (
				DC748B5D1F745D7600CE73EF /* Asset */,
				DC748B581F745CE600CE73EF /* Class Constant */,
				DC748B571F745CDE00CE73EF /* Controller */,
				DC748B561F745CD500CE73EF /* Model */,
				DCFB21591F7449B500BC08EC /* MainViewController.swift */,
				DCFB21571F7449B500BC08EC /* AppDelegate.swift */,
				DC748B541F7457C900CE73EF /* GoogleService-Info.plist */,
				DCFB21661F7449B500BC08EC /* Info.plist */,
				DCEB54CB1F79F027005FFABA /* Supporting Files */,
				DCFB215B1F7449B500BC08EC /* Main.storyboard */,
				DCFB215E1F7449B500BC08EC /* MoPub.xcdatamodeld */,
			);
			path = MoPub;
			sourceTree = "<group>";
		};
		DCFB216E1F7449B500BC08EC /* MoPubTests */ = {
			isa = PBXGroup;
			children = (
				DCFB216F1F7449B500BC08EC /* MoPubTests.swift */,
				DCFB21711F7449B500BC08EC /* Info.plist */,
			);
			path = MoPubTests;
			sourceTree = "<group>";
		};
		DCFB21791F7449B500BC08EC /* MoPubUITests */ = {
			isa = PBXGroup;
			children = (
				DCFB217A1F7449B500BC08EC /* MoPubUITests.swift */,
				DCFB217C1F7449B500BC08EC /* Info.plist */,
			);
			path = MoPubUITests;
			sourceTree = "<group>";
		};
/* End PBXGroup section */

/* Begin PBXNativeTarget section */
		DCFB21531F7449B500BC08EC /* MoPub */ = {
			isa = PBXNativeTarget;
			buildConfigurationList = DCFB217F1F7449B500BC08EC /* Build configuration list for PBXNativeTarget "MoPub" */;
			buildPhases = (
				E96B4A9A582FDCDBA815B9D4 /* [CP] Check Pods Manifest.lock */,
				DCFB21501F7449B500BC08EC /* Sources */,
				DCFB21511F7449B500BC08EC /* Frameworks */,
				DCFB21521F7449B500BC08EC /* Resources */,
				041EDDBFD340ABAAE5685AD6 /* [CP] Embed Pods Frameworks */,
				D851ABD71D967231F8D9EF1F /* [CP] Copy Pods Resources */,
			);
			buildRules = (
			);
			dependencies = (
			);
			name = MoPub;
			productName = MoPub;
			productReference = DCFB21541F7449B500BC08EC /* MoPub.app */;
			productType = "com.apple.product-type.application";
		};
		DCFB216A1F7449B500BC08EC /* MoPubTests */ = {
			isa = PBXNativeTarget;
			buildConfigurationList = DCFB21821F7449B500BC08EC /* Build configuration list for PBXNativeTarget "MoPubTests" */;
			buildPhases = (
				4B9F75D8716F9AC305109502 /* [CP] Check Pods Manifest.lock */,
				DCFB21671F7449B500BC08EC /* Sources */,
				DCFB21681F7449B500BC08EC /* Frameworks */,
				DCFB21691F7449B500BC08EC /* Resources */,
				CA8150F7BC01B3A78A53ECB0 /* [CP] Embed Pods Frameworks */,
				E4767EBDB0B1539511036A4C /* [CP] Copy Pods Resources */,
			);
			buildRules = (
			);
			dependencies = (
				DCFB216D1F7449B500BC08EC /* PBXTargetDependency */,
			);
			name = MoPubTests;
			productName = MoPubTests;
			productReference = DCFB216B1F7449B500BC08EC /* MoPubTests.xctest */;
			productType = "com.apple.product-type.bundle.unit-test";
		};
		DCFB21751F7449B500BC08EC /* MoPubUITests */ = {
			isa = PBXNativeTarget;
			buildConfigurationList = DCFB21851F7449B500BC08EC /* Build configuration list for PBXNativeTarget "MoPubUITests" */;
			buildPhases = (
				3703CD6AA2BA463693517A36 /* [CP] Check Pods Manifest.lock */,
				DCFB21721F7449B500BC08EC /* Sources */,
				DCFB21731F7449B500BC08EC /* Frameworks */,
				DCFB21741F7449B500BC08EC /* Resources */,
				24753DFD5039D69F9E747A74 /* [CP] Embed Pods Frameworks */,
				0339BB58A0922E7BE82B4BC5 /* [CP] Copy Pods Resources */,
			);
			buildRules = (
			);
			dependencies = (
				DCFB21781F7449B500BC08EC /* PBXTargetDependency */,
			);
			name = MoPubUITests;
			productName = MoPubUITests;
			productReference = DCFB21761F7449B500BC08EC /* MoPubUITests.xctest */;
			productType = "com.apple.product-type.bundle.ui-testing";
		};
/* End PBXNativeTarget section */

/* Begin PBXProject section */
		DCFB214C1F7449B500BC08EC /* Project object */ = {
			isa = PBXProject;
			attributes = {
				LastSwiftUpdateCheck = 0900;
				LastUpgradeCheck = 0900;
				ORGANIZATIONNAME = "Bai Cloud AI Co";
				TargetAttributes = {
					DCFB21531F7449B500BC08EC = {
						CreatedOnToolsVersion = 9.0;
						ProvisioningStyle = Automatic;
					};
					DCFB216A1F7449B500BC08EC = {
						CreatedOnToolsVersion = 9.0;
						ProvisioningStyle = Automatic;
						TestTargetID = DCFB21531F7449B500BC08EC;
					};
					DCFB21751F7449B500BC08EC = {
						CreatedOnToolsVersion = 9.0;
						ProvisioningStyle = Automatic;
						TestTargetID = DCFB21531F7449B500BC08EC;
					};
				};
			};
			buildConfigurationList = DCFB214F1F7449B500BC08EC /* Build configuration list for PBXProject "MoPub" */;
			compatibilityVersion = "Xcode 8.0";
			developmentRegion = en;
			hasScannedForEncodings = 0;
			knownRegions = (
				en,
				Base,
			);
			mainGroup = DCFB214B1F7449B500BC08EC;
			productRefGroup = DCFB21551F7449B500BC08EC /* Products */;
			projectDirPath = "";
			projectRoot = "";
			targets = (
				DCFB21531F7449B500BC08EC /* MoPub */,
				DCFB216A1F7449B500BC08EC /* MoPubTests */,
				DCFB21751F7449B500BC08EC /* MoPubUITests */,
			);
		};
/* End PBXProject section */

/* Begin PBXResourcesBuildPhase section */
		DCFB21521F7449B500BC08EC /* Resources */ = {
			isa = PBXResourcesBuildPhase;
			buildActionMask = 2147483647;
			files = (
				DCFB21651F7449B500BC08EC /* LaunchScreen.storyboard in Resources */,
				DC748B551F7457C900CE73EF /* GoogleService-Info.plist in Resources */,
				DCFB21621F7449B500BC08EC /* Assets.xcassets in Resources */,
				DCFB215D1F7449B500BC08EC /* Main.storyboard in Resources */,
			);
			runOnlyForDeploymentPostprocessing = 0;
		};
		DCFB21691F7449B500BC08EC /* Resources */ = {
			isa = PBXResourcesBuildPhase;
			buildActionMask = 2147483647;
			files = (
			);
			runOnlyForDeploymentPostprocessing = 0;
		};
		DCFB21741F7449B500BC08EC /* Resources */ = {
			isa = PBXResourcesBuildPhase;
			buildActionMask = 2147483647;
			files = (
			);
			runOnlyForDeploymentPostprocessing = 0;
		};
/* End PBXResourcesBuildPhase section */

/* Begin PBXShellScriptBuildPhase section */
		0339BB58A0922E7BE82B4BC5 /* [CP] Copy Pods Resources */ = {
			isa = PBXShellScriptBuildPhase;
			buildActionMask = 2147483647;
			files = (
			);
			inputPaths = (
			);
			name = "[CP] Copy Pods Resources";
			outputPaths = (
			);
			runOnlyForDeploymentPostprocessing = 0;
			shellPath = /bin/sh;
			shellScript = "\"${SRCROOT}/Pods/Target Support Files/Pods-MoPubUITests/Pods-MoPubUITests-resources.sh\"\n";
			showEnvVarsInLog = 0;
		};
		041EDDBFD340ABAAE5685AD6 /* [CP] Embed Pods Frameworks */ = {
			isa = PBXShellScriptBuildPhase;
			buildActionMask = 2147483647;
			files = (
			);
			inputPaths = (
				"${SRCROOT}/Pods/Target Support Files/Pods-MoPub/Pods-MoPub-frameworks.sh",
				"${BUILT_PRODUCTS_DIR}/Bolts/Bolts.framework",
				"${BUILT_PRODUCTS_DIR}/FBSDKCoreKit/FBSDKCoreKit.framework",
				"${BUILT_PRODUCTS_DIR}/FBSDKLoginKit/FBSDKLoginKit.framework",
				"${BUILT_PRODUCTS_DIR}/GTMOAuth2/GTMOAuth2.framework",
				"${BUILT_PRODUCTS_DIR}/GTMSessionFetcher/GTMSessionFetcher.framework",
				"${BUILT_PRODUCTS_DIR}/GoogleToolboxForMac/GoogleToolboxForMac.framework",
				"${BUILT_PRODUCTS_DIR}/JSQMessagesViewController/JSQMessagesViewController.framework",
				"${BUILT_PRODUCTS_DIR}/JSQSystemSoundPlayer/JSQSystemSoundPlayer.framework",
				"${BUILT_PRODUCTS_DIR}/Protobuf/Protobuf.framework",
				"${BUILT_PRODUCTS_DIR}/SDWebImage/SDWebImage.framework",
				"${BUILT_PRODUCTS_DIR}/leveldb-library/leveldb.framework",
				"${BUILT_PRODUCTS_DIR}/nanopb/nanopb.framework",
			);
			name = "[CP] Embed Pods Frameworks";
			outputPaths = (
				"${TARGET_BUILD_DIR}/${FRAMEWORKS_FOLDER_PATH}/Bolts.framework",
				"${TARGET_BUILD_DIR}/${FRAMEWORKS_FOLDER_PATH}/FBSDKCoreKit.framework",
				"${TARGET_BUILD_DIR}/${FRAMEWORKS_FOLDER_PATH}/FBSDKLoginKit.framework",
				"${TARGET_BUILD_DIR}/${FRAMEWORKS_FOLDER_PATH}/GTMOAuth2.framework",
				"${TARGET_BUILD_DIR}/${FRAMEWORKS_FOLDER_PATH}/GTMSessionFetcher.framework",
				"${TARGET_BUILD_DIR}/${FRAMEWORKS_FOLDER_PATH}/GoogleToolboxForMac.framework",
				"${TARGET_BUILD_DIR}/${FRAMEWORKS_FOLDER_PATH}/JSQMessagesViewController.framework",
				"${TARGET_BUILD_DIR}/${FRAMEWORKS_FOLDER_PATH}/JSQSystemSoundPlayer.framework",
				"${TARGET_BUILD_DIR}/${FRAMEWORKS_FOLDER_PATH}/Protobuf.framework",
				"${TARGET_BUILD_DIR}/${FRAMEWORKS_FOLDER_PATH}/SDWebImage.framework",
				"${TARGET_BUILD_DIR}/${FRAMEWORKS_FOLDER_PATH}/leveldb.framework",
				"${TARGET_BUILD_DIR}/${FRAMEWORKS_FOLDER_PATH}/nanopb.framework",
			);
			runOnlyForDeploymentPostprocessing = 0;
			shellPath = /bin/sh;
			shellScript = "\"${SRCROOT}/Pods/Target Support Files/Pods-MoPub/Pods-MoPub-frameworks.sh\"\n";
			showEnvVarsInLog = 0;
		};
		24753DFD5039D69F9E747A74 /* [CP] Embed Pods Frameworks */ = {
			isa = PBXShellScriptBuildPhase;
			buildActionMask = 2147483647;
			files = (
			);
			inputPaths = (
			);
			name = "[CP] Embed Pods Frameworks";
			outputPaths = (
			);
			runOnlyForDeploymentPostprocessing = 0;
			shellPath = /bin/sh;
			shellScript = "\"${SRCROOT}/Pods/Target Support Files/Pods-MoPubUITests/Pods-MoPubUITests-frameworks.sh\"\n";
			showEnvVarsInLog = 0;
		};
		3703CD6AA2BA463693517A36 /* [CP] Check Pods Manifest.lock */ = {
			isa = PBXShellScriptBuildPhase;
			buildActionMask = 2147483647;
			files = (
			);
			inputPaths = (
				"${PODS_PODFILE_DIR_PATH}/Podfile.lock",
				"${PODS_ROOT}/Manifest.lock",
			);
			name = "[CP] Check Pods Manifest.lock";
			outputPaths = (
				"$(DERIVED_FILE_DIR)/Pods-MoPubUITests-checkManifestLockResult.txt",
			);
			runOnlyForDeploymentPostprocessing = 0;
			shellPath = /bin/sh;
			shellScript = "diff \"${PODS_PODFILE_DIR_PATH}/Podfile.lock\" \"${PODS_ROOT}/Manifest.lock\" > /dev/null\nif [ $? != 0 ] ; then\n    # print error to STDERR\n    echo \"error: The sandbox is not in sync with the Podfile.lock. Run 'pod install' or update your CocoaPods installation.\" >&2\n    exit 1\nfi\n# This output is used by Xcode 'outputs' to avoid re-running this script phase.\necho \"SUCCESS\" > \"${SCRIPT_OUTPUT_FILE_0}\"\n";
			showEnvVarsInLog = 0;
		};
		4B9F75D8716F9AC305109502 /* [CP] Check Pods Manifest.lock */ = {
			isa = PBXShellScriptBuildPhase;
			buildActionMask = 2147483647;
			files = (
			);
			inputPaths = (
				"${PODS_PODFILE_DIR_PATH}/Podfile.lock",
				"${PODS_ROOT}/Manifest.lock",
			);
			name = "[CP] Check Pods Manifest.lock";
			outputPaths = (
				"$(DERIVED_FILE_DIR)/Pods-MoPubTests-checkManifestLockResult.txt",
			);
			runOnlyForDeploymentPostprocessing = 0;
			shellPath = /bin/sh;
			shellScript = "diff \"${PODS_PODFILE_DIR_PATH}/Podfile.lock\" \"${PODS_ROOT}/Manifest.lock\" > /dev/null\nif [ $? != 0 ] ; then\n    # print error to STDERR\n    echo \"error: The sandbox is not in sync with the Podfile.lock. Run 'pod install' or update your CocoaPods installation.\" >&2\n    exit 1\nfi\n# This output is used by Xcode 'outputs' to avoid re-running this script phase.\necho \"SUCCESS\" > \"${SCRIPT_OUTPUT_FILE_0}\"\n";
			showEnvVarsInLog = 0;
		};
		CA8150F7BC01B3A78A53ECB0 /* [CP] Embed Pods Frameworks */ = {
			isa = PBXShellScriptBuildPhase;
			buildActionMask = 2147483647;
			files = (
			);
			inputPaths = (
			);
			name = "[CP] Embed Pods Frameworks";
			outputPaths = (
			);
			runOnlyForDeploymentPostprocessing = 0;
			shellPath = /bin/sh;
			shellScript = "\"${SRCROOT}/Pods/Target Support Files/Pods-MoPubTests/Pods-MoPubTests-frameworks.sh\"\n";
			showEnvVarsInLog = 0;
		};
		D851ABD71D967231F8D9EF1F /* [CP] Copy Pods Resources */ = {
			isa = PBXShellScriptBuildPhase;
			buildActionMask = 2147483647;
			files = (
			);
			inputPaths = (
				"${SRCROOT}/Pods/Target Support Files/Pods-MoPub/Pods-MoPub-resources.sh",
				$PODS_CONFIGURATION_BUILD_DIR/FirebaseUI/FirebaseAuthUI.bundle,
				$PODS_CONFIGURATION_BUILD_DIR/FirebaseUI/FirebaseFacebookAuthUI.bundle,
				$PODS_CONFIGURATION_BUILD_DIR/FirebaseUI/FirebaseGoogleAuthUI.bundle,
				$PODS_CONFIGURATION_BUILD_DIR/FirebaseUI/FirebasePhoneAuthUI.bundle,
				$PODS_CONFIGURATION_BUILD_DIR/FirebaseUI/FirebaseTwitterAuthUI.bundle,
				"${PODS_ROOT}/GoogleSignIn/Resources/GoogleSignIn.bundle",
				"${PODS_ROOT}/TwitterKit/iOS/TwitterKit.framework/TwitterKitResources.bundle",
				"${PODS_ROOT}/TwitterKit/iOS/TwitterKit.framework/TwitterShareExtensionUIResources.bundle",
			);
			name = "[CP] Copy Pods Resources";
			outputPaths = (
				"${TARGET_BUILD_DIR}/${UNLOCALIZED_RESOURCES_FOLDER_PATH}",
			);
			runOnlyForDeploymentPostprocessing = 0;
			shellPath = /bin/sh;
			shellScript = "\"${SRCROOT}/Pods/Target Support Files/Pods-MoPub/Pods-MoPub-resources.sh\"\n";
			showEnvVarsInLog = 0;
		};
		E4767EBDB0B1539511036A4C /* [CP] Copy Pods Resources */ = {
			isa = PBXShellScriptBuildPhase;
			buildActionMask = 2147483647;
			files = (
			);
			inputPaths = (
			);
			name = "[CP] Copy Pods Resources";
			outputPaths = (
			);
			runOnlyForDeploymentPostprocessing = 0;
			shellPath = /bin/sh;
			shellScript = "\"${SRCROOT}/Pods/Target Support Files/Pods-MoPubTests/Pods-MoPubTests-resources.sh\"\n";
			showEnvVarsInLog = 0;
		};
		E96B4A9A582FDCDBA815B9D4 /* [CP] Check Pods Manifest.lock */ = {
			isa = PBXShellScriptBuildPhase;
			buildActionMask = 2147483647;
			files = (
			);
			inputPaths = (
				"${PODS_PODFILE_DIR_PATH}/Podfile.lock",
				"${PODS_ROOT}/Manifest.lock",
			);
			name = "[CP] Check Pods Manifest.lock";
			outputPaths = (
				"$(DERIVED_FILE_DIR)/Pods-MoPub-checkManifestLockResult.txt",
			);
			runOnlyForDeploymentPostprocessing = 0;
			shellPath = /bin/sh;
			shellScript = "diff \"${PODS_PODFILE_DIR_PATH}/Podfile.lock\" \"${PODS_ROOT}/Manifest.lock\" > /dev/null\nif [ $? != 0 ] ; then\n    # print error to STDERR\n    echo \"error: The sandbox is not in sync with the Podfile.lock. Run 'pod install' or update your CocoaPods installation.\" >&2\n    exit 1\nfi\n# This output is used by Xcode 'outputs' to avoid re-running this script phase.\necho \"SUCCESS\" > \"${SCRIPT_OUTPUT_FILE_0}\"\n";
			showEnvVarsInLog = 0;
		};
/* End PBXShellScriptBuildPhase section */

/* Begin PBXSourcesBuildPhase section */
		DCFB21501F7449B500BC08EC /* Sources */ = {
			isa = PBXSourcesBuildPhase;
			buildActionMask = 2147483647;
			files = (
				DCFB215A1F7449B500BC08EC /* MainViewController.swift in Sources */,
				DCEB54D01F7A11B8005FFABA /* HostEventViewController.swift in Sources */,
				DC748B5C1F745D2C00CE73EF /* Constant.swift in Sources */,
				DCFB21581F7449B500BC08EC /* AppDelegate.swift in Sources */,
				DCFB21601F7449B500BC08EC /* MoPub.xcdatamodeld in Sources */,
			);
			runOnlyForDeploymentPostprocessing = 0;
		};
		DCFB21671F7449B500BC08EC /* Sources */ = {
			isa = PBXSourcesBuildPhase;
			buildActionMask = 2147483647;
			files = (
				DCFB21701F7449B500BC08EC /* MoPubTests.swift in Sources */,
			);
			runOnlyForDeploymentPostprocessing = 0;
		};
		DCFB21721F7449B500BC08EC /* Sources */ = {
			isa = PBXSourcesBuildPhase;
			buildActionMask = 2147483647;
			files = (
				DCFB217B1F7449B500BC08EC /* MoPubUITests.swift in Sources */,
			);
			runOnlyForDeploymentPostprocessing = 0;
		};
/* End PBXSourcesBuildPhase section */

/* Begin PBXTargetDependency section */
		DCFB216D1F7449B500BC08EC /* PBXTargetDependency */ = {
			isa = PBXTargetDependency;
			target = DCFB21531F7449B500BC08EC /* MoPub */;
			targetProxy = DCFB216C1F7449B500BC08EC /* PBXContainerItemProxy */;
		};
		DCFB21781F7449B500BC08EC /* PBXTargetDependency */ = {
			isa = PBXTargetDependency;
			target = DCFB21531F7449B500BC08EC /* MoPub */;
			targetProxy = DCFB21771F7449B500BC08EC /* PBXContainerItemProxy */;
		};
/* End PBXTargetDependency section */

/* Begin PBXVariantGroup section */
		DCFB215B1F7449B500BC08EC /* Main.storyboard */ = {
			isa = PBXVariantGroup;
			children = (
				DCFB215C1F7449B500BC08EC /* Base */,
			);
			name = Main.storyboard;
			sourceTree = "<group>";
		};
		DCFB21631F7449B500BC08EC /* LaunchScreen.storyboard */ = {
			isa = PBXVariantGroup;
			children = (
				DCFB21641F7449B500BC08EC /* Base */,
			);
			name = LaunchScreen.storyboard;
			sourceTree = "<group>";
		};
/* End PBXVariantGroup section */

/* Begin XCBuildConfiguration section */
		DCFB217D1F7449B500BC08EC /* Debug */ = {
			isa = XCBuildConfiguration;
			buildSettings = {
				ALWAYS_SEARCH_USER_PATHS = NO;
				CLANG_ANALYZER_NONNULL = YES;
				CLANG_ANALYZER_NUMBER_OBJECT_CONVERSION = YES_AGGRESSIVE;
				CLANG_CXX_LANGUAGE_STANDARD = "gnu++14";
				CLANG_CXX_LIBRARY = "libc++";
				CLANG_ENABLE_MODULES = YES;
				CLANG_ENABLE_OBJC_ARC = YES;
				CLANG_WARN_BLOCK_CAPTURE_AUTORELEASING = YES;
				CLANG_WARN_BOOL_CONVERSION = YES;
				CLANG_WARN_COMMA = YES;
				CLANG_WARN_CONSTANT_CONVERSION = YES;
				CLANG_WARN_DIRECT_OBJC_ISA_USAGE = YES_ERROR;
				CLANG_WARN_DOCUMENTATION_COMMENTS = YES;
				CLANG_WARN_EMPTY_BODY = YES;
				CLANG_WARN_ENUM_CONVERSION = YES;
				CLANG_WARN_INFINITE_RECURSION = YES;
				CLANG_WARN_INT_CONVERSION = YES;
				CLANG_WARN_NON_LITERAL_NULL_CONVERSION = YES;
				CLANG_WARN_OBJC_LITERAL_CONVERSION = YES;
				CLANG_WARN_OBJC_ROOT_CLASS = YES_ERROR;
				CLANG_WARN_RANGE_LOOP_ANALYSIS = YES;
				CLANG_WARN_STRICT_PROTOTYPES = YES;
				CLANG_WARN_SUSPICIOUS_MOVE = YES;
				CLANG_WARN_UNGUARDED_AVAILABILITY = YES_AGGRESSIVE;
				CLANG_WARN_UNREACHABLE_CODE = YES;
				CLANG_WARN__DUPLICATE_METHOD_MATCH = YES;
				CODE_SIGN_IDENTITY = "iPhone Developer";
				COPY_PHASE_STRIP = NO;
				DEBUG_INFORMATION_FORMAT = dwarf;
				ENABLE_STRICT_OBJC_MSGSEND = YES;
				ENABLE_TESTABILITY = YES;
				GCC_C_LANGUAGE_STANDARD = gnu11;
				GCC_DYNAMIC_NO_PIC = NO;
				GCC_NO_COMMON_BLOCKS = YES;
				GCC_OPTIMIZATION_LEVEL = 0;
				GCC_PREPROCESSOR_DEFINITIONS = (
					"DEBUG=1",
					"$(inherited)",
				);
				GCC_WARN_64_TO_32_BIT_CONVERSION = YES;
				GCC_WARN_ABOUT_RETURN_TYPE = YES_ERROR;
				GCC_WARN_UNDECLARED_SELECTOR = YES;
				GCC_WARN_UNINITIALIZED_AUTOS = YES_AGGRESSIVE;
				GCC_WARN_UNUSED_FUNCTION = YES;
				GCC_WARN_UNUSED_VARIABLE = YES;
				IPHONEOS_DEPLOYMENT_TARGET = 11.0;
				MTL_ENABLE_DEBUG_INFO = YES;
				ONLY_ACTIVE_ARCH = YES;
				SDKROOT = iphoneos;
				SWIFT_ACTIVE_COMPILATION_CONDITIONS = DEBUG;
				SWIFT_OPTIMIZATION_LEVEL = "-Onone";
			};
			name = Debug;
		};
		DCFB217E1F7449B500BC08EC /* Release */ = {
			isa = XCBuildConfiguration;
			buildSettings = {
				ALWAYS_SEARCH_USER_PATHS = NO;
				CLANG_ANALYZER_NONNULL = YES;
				CLANG_ANALYZER_NUMBER_OBJECT_CONVERSION = YES_AGGRESSIVE;
				CLANG_CXX_LANGUAGE_STANDARD = "gnu++14";
				CLANG_CXX_LIBRARY = "libc++";
				CLANG_ENABLE_MODULES = YES;
				CLANG_ENABLE_OBJC_ARC = YES;
				CLANG_WARN_BLOCK_CAPTURE_AUTORELEASING = YES;
				CLANG_WARN_BOOL_CONVERSION = YES;
				CLANG_WARN_COMMA = YES;
				CLANG_WARN_CONSTANT_CONVERSION = YES;
				CLANG_WARN_DIRECT_OBJC_ISA_USAGE = YES_ERROR;
				CLANG_WARN_DOCUMENTATION_COMMENTS = YES;
				CLANG_WARN_EMPTY_BODY = YES;
				CLANG_WARN_ENUM_CONVERSION = YES;
				CLANG_WARN_INFINITE_RECURSION = YES;
				CLANG_WARN_INT_CONVERSION = YES;
				CLANG_WARN_NON_LITERAL_NULL_CONVERSION = YES;
				CLANG_WARN_OBJC_LITERAL_CONVERSION = YES;
				CLANG_WARN_OBJC_ROOT_CLASS = YES_ERROR;
				CLANG_WARN_RANGE_LOOP_ANALYSIS = YES;
				CLANG_WARN_STRICT_PROTOTYPES = YES;
				CLANG_WARN_SUSPICIOUS_MOVE = YES;
				CLANG_WARN_UNGUARDED_AVAILABILITY = YES_AGGRESSIVE;
				CLANG_WARN_UNREACHABLE_CODE = YES;
				CLANG_WARN__DUPLICATE_METHOD_MATCH = YES;
				CODE_SIGN_IDENTITY = "iPhone Developer";
				COPY_PHASE_STRIP = NO;
				DEBUG_INFORMATION_FORMAT = "dwarf-with-dsym";
				ENABLE_NS_ASSERTIONS = NO;
				ENABLE_STRICT_OBJC_MSGSEND = YES;
				GCC_C_LANGUAGE_STANDARD = gnu11;
				GCC_NO_COMMON_BLOCKS = YES;
				GCC_WARN_64_TO_32_BIT_CONVERSION = YES;
				GCC_WARN_ABOUT_RETURN_TYPE = YES_ERROR;
				GCC_WARN_UNDECLARED_SELECTOR = YES;
				GCC_WARN_UNINITIALIZED_AUTOS = YES_AGGRESSIVE;
				GCC_WARN_UNUSED_FUNCTION = YES;
				GCC_WARN_UNUSED_VARIABLE = YES;
				IPHONEOS_DEPLOYMENT_TARGET = 11.0;
				MTL_ENABLE_DEBUG_INFO = NO;
				SDKROOT = iphoneos;
				SWIFT_OPTIMIZATION_LEVEL = "-Owholemodule";
				VALIDATE_PRODUCT = YES;
			};
			name = Release;
		};
		DCFB21801F7449B500BC08EC /* Debug */ = {
			isa = XCBuildConfiguration;
			baseConfigurationReference = 8BA11CD36BEF8873E9591C57 /* Pods-MoPub.debug.xcconfig */;
			buildSettings = {
				ASSETCATALOG_COMPILER_APPICON_NAME = AppIcon;
				CODE_SIGN_STYLE = Automatic;
				DEVELOPMENT_TEAM = JV3LNY3KQ7;
				INFOPLIST_FILE = MoPub/Info.plist;
				LD_RUNPATH_SEARCH_PATHS = "$(inherited) @executable_path/Frameworks";
				PRODUCT_BUNDLE_IDENTIFIER = Bai.MoPub;
				PRODUCT_NAME = "$(TARGET_NAME)";
				SWIFT_VERSION = 4.0;
				TARGETED_DEVICE_FAMILY = "1,2";
			};
			name = Debug;
		};
		DCFB21811F7449B500BC08EC /* Release */ = {
			isa = XCBuildConfiguration;
			baseConfigurationReference = FAFA662CC5E496EC618F4E08 /* Pods-MoPub.release.xcconfig */;
			buildSettings = {
				ASSETCATALOG_COMPILER_APPICON_NAME = AppIcon;
				CODE_SIGN_STYLE = Automatic;
				DEVELOPMENT_TEAM = JV3LNY3KQ7;
				INFOPLIST_FILE = MoPub/Info.plist;
				LD_RUNPATH_SEARCH_PATHS = "$(inherited) @executable_path/Frameworks";
				PRODUCT_BUNDLE_IDENTIFIER = Bai.MoPub;
				PRODUCT_NAME = "$(TARGET_NAME)";
				SWIFT_VERSION = 4.0;
				TARGETED_DEVICE_FAMILY = "1,2";
			};
			name = Release;
		};
		DCFB21831F7449B500BC08EC /* Debug */ = {
			isa = XCBuildConfiguration;
			baseConfigurationReference = 8AE55E0EC88DB07F06739DAA /* Pods-MoPubTests.debug.xcconfig */;
			buildSettings = {
				ALWAYS_EMBED_SWIFT_STANDARD_LIBRARIES = YES;
				BUNDLE_LOADER = "$(TEST_HOST)";
				CODE_SIGN_STYLE = Automatic;
				DEVELOPMENT_TEAM = JV3LNY3KQ7;
				INFOPLIST_FILE = MoPubTests/Info.plist;
				LD_RUNPATH_SEARCH_PATHS = "$(inherited) @executable_path/Frameworks @loader_path/Frameworks";
				PRODUCT_BUNDLE_IDENTIFIER = Bai.MoPubTests;
				PRODUCT_NAME = "$(TARGET_NAME)";
				SWIFT_VERSION = 4.0;
				TARGETED_DEVICE_FAMILY = "1,2";
				TEST_HOST = "$(BUILT_PRODUCTS_DIR)/MoPub.app/MoPub";
			};
			name = Debug;
		};
		DCFB21841F7449B500BC08EC /* Release */ = {
			isa = XCBuildConfiguration;
			baseConfigurationReference = E18673604B6E9F67593F1384 /* Pods-MoPubTests.release.xcconfig */;
			buildSettings = {
				ALWAYS_EMBED_SWIFT_STANDARD_LIBRARIES = YES;
				BUNDLE_LOADER = "$(TEST_HOST)";
				CODE_SIGN_STYLE = Automatic;
				DEVELOPMENT_TEAM = JV3LNY3KQ7;
				INFOPLIST_FILE = MoPubTests/Info.plist;
				LD_RUNPATH_SEARCH_PATHS = "$(inherited) @executable_path/Frameworks @loader_path/Frameworks";
				PRODUCT_BUNDLE_IDENTIFIER = Bai.MoPubTests;
				PRODUCT_NAME = "$(TARGET_NAME)";
				SWIFT_VERSION = 4.0;
				TARGETED_DEVICE_FAMILY = "1,2";
				TEST_HOST = "$(BUILT_PRODUCTS_DIR)/MoPub.app/MoPub";
			};
			name = Release;
		};
		DCFB21861F7449B500BC08EC /* Debug */ = {
			isa = XCBuildConfiguration;
			baseConfigurationReference = B833FB82CDD5A88043518430 /* Pods-MoPubUITests.debug.xcconfig */;
			buildSettings = {
				ALWAYS_EMBED_SWIFT_STANDARD_LIBRARIES = YES;
				CODE_SIGN_STYLE = Automatic;
				DEVELOPMENT_TEAM = JV3LNY3KQ7;
				INFOPLIST_FILE = MoPubUITests/Info.plist;
				LD_RUNPATH_SEARCH_PATHS = "$(inherited) @executable_path/Frameworks @loader_path/Frameworks";
				PRODUCT_BUNDLE_IDENTIFIER = Bai.MoPubUITests;
				PRODUCT_NAME = "$(TARGET_NAME)";
				SWIFT_VERSION = 4.0;
				TARGETED_DEVICE_FAMILY = "1,2";
				TEST_TARGET_NAME = MoPub;
			};
			name = Debug;
		};
		DCFB21871F7449B500BC08EC /* Release */ = {
			isa = XCBuildConfiguration;
			baseConfigurationReference = 1E81D491FDFDF96CFF885D7F /* Pods-MoPubUITests.release.xcconfig */;
			buildSettings = {
				ALWAYS_EMBED_SWIFT_STANDARD_LIBRARIES = YES;
				CODE_SIGN_STYLE = Automatic;
				DEVELOPMENT_TEAM = JV3LNY3KQ7;
				INFOPLIST_FILE = MoPubUITests/Info.plist;
				LD_RUNPATH_SEARCH_PATHS = "$(inherited) @executable_path/Frameworks @loader_path/Frameworks";
				PRODUCT_BUNDLE_IDENTIFIER = Bai.MoPubUITests;
				PRODUCT_NAME = "$(TARGET_NAME)";
				SWIFT_VERSION = 4.0;
				TARGETED_DEVICE_FAMILY = "1,2";
				TEST_TARGET_NAME = MoPub;
			};
			name = Release;
		};
/* End XCBuildConfiguration section */

/* Begin XCConfigurationList section */
		DCFB214F1F7449B500BC08EC /* Build configuration list for PBXProject "MoPub" */ = {
			isa = XCConfigurationList;
			buildConfigurations = (
				DCFB217D1F7449B500BC08EC /* Debug */,
				DCFB217E1F7449B500BC08EC /* Release */,
			);
			defaultConfigurationIsVisible = 0;
			defaultConfigurationName = Release;
		};
		DCFB217F1F7449B500BC08EC /* Build configuration list for PBXNativeTarget "MoPub" */ = {
			isa = XCConfigurationList;
			buildConfigurations = (
				DCFB21801F7449B500BC08EC /* Debug */,
				DCFB21811F7449B500BC08EC /* Release */,
			);
			defaultConfigurationIsVisible = 0;
			defaultConfigurationName = Release;
		};
		DCFB21821F7449B500BC08EC /* Build configuration list for PBXNativeTarget "MoPubTests" */ = {
			isa = XCConfigurationList;
			buildConfigurations = (
				DCFB21831F7449B500BC08EC /* Debug */,
				DCFB21841F7449B500BC08EC /* Release */,
			);
			defaultConfigurationIsVisible = 0;
			defaultConfigurationName = Release;
		};
		DCFB21851F7449B500BC08EC /* Build configuration list for PBXNativeTarget "MoPubUITests" */ = {
			isa = XCConfigurationList;
			buildConfigurations = (
				DCFB21861F7449B500BC08EC /* Debug */,
				DCFB21871F7449B500BC08EC /* Release */,
			);
			defaultConfigurationIsVisible = 0;
			defaultConfigurationName = Release;
		};
/* End XCConfigurationList section */

/* Begin XCVersionGroup section */
		DCFB215E1F7449B500BC08EC /* MoPub.xcdatamodeld */ = {
			isa = XCVersionGroup;
			children = (
				DCFB215F1F7449B500BC08EC /* MoPub.xcdatamodel */,
			);
			currentVersion = DCFB215F1F7449B500BC08EC /* MoPub.xcdatamodel */;
			path = MoPub.xcdatamodeld;
			sourceTree = "<group>";
			versionGroupType = wrapper.xcdatamodel;
		};
/* End XCVersionGroup section */
	};
	rootObject = DCFB214C1F7449B500BC08EC /* Project object */;
}
